PODS:
  - Amplify (1.9.3):
    - Amplify/Default (= 1.9.3)
  - Amplify/Default (1.9.3)
  - AmplifyPlugins/AWSCognitoAuthPlugin (1.9.3):
    - AWSAuthCore (~> 2.24.0)
    - AWSCognitoIdentityProvider (~> 2.24.0)
    - AWSCognitoIdentityProviderASF (~> 2.24.0)
    - AWSCore (~> 2.24.0)
    - AWSMobileClient (~> 2.24.0)
    - AWSPluginsCore (= 1.9.3)
  - AmplifyPlugins/AWSS3StoragePlugin (1.9.3):
    - AWSCore (~> 2.24.0)
    - AWSPluginsCore (= 1.9.3)
    - AWSS3 (~> 2.24.0)
  - ArandworldEngine (0.1.0):
    - Amplify
    - AmplifyPlugins/AWSCognitoAuthPlugin
    - AmplifyPlugins/AWSS3StoragePlugin
  - AWSAuthCore (2.24.2):
    - AWSCore (= 2.24.2)
  - AWSCognitoIdentityProvider (2.24.2):
    - AWSCognitoIdentityProviderASF (= 2.24.2)
    - AWSCore (= 2.24.2)
  - AWSCognitoIdentityProviderASF (2.24.2)
  - AWSCore (2.24.2)
  - AWSMobileClient (2.24.2):
    - AWSAuthCore (= 2.24.2)
    - AWSCognitoIdentityProvider (= 2.24.2)
    - AWSCognitoIdentityProviderASF (= 2.24.2)
    - AWSCore (= 2.24.2)
  - AWSPluginsCore (1.9.3):
    - Amplify (= 1.9.3)
    - AWSCore (~> 2.24.0)
  - AWSS3 (2.24.2):
    - AWSCore (= 2.24.2)

DEPENDENCIES:
  - ArandworldEngine (from `.`)

SPEC REPOS:
  trunk:
    - Amplify
    - AmplifyPlugins
    - AWSAuthCore
    - AWSCognitoIdentityProvider
    - AWSCognitoIdentityProviderASF
    - AWSCore
    - AWSMobileClient
    - AWSPluginsCore
    - AWSS3

EXTERNAL SOURCES:
  ArandworldEngine:
    :path: "."

SPEC CHECKSUMS:
  Amplify: b2cc6f4f1a5868c8f86ed54db09809bdabb2b34f
  AmplifyPlugins: 6f3021cbc2df2ee9ae8ee74072f49fadffc5af76
  ArandworldEngine: d7f5b9751d0252a299dfb15030b37948fb0f6abb
  AWSAuthCore: d2cb921db598ea03d67284977a3c691e9a1aee83
  AWSCognitoIdentityProvider: f9d68c563718fa5aa76e077752df06c73810efba
  AWSCognitoIdentityProviderASF: 21681469334e286df6e5470f3cbab3b10edbf818
  AWSCore: 08a61ac2b1d98b2d43f59ee40c4bd68e58dfdea3
  AWSMobileClient: 6af7fff9e58f8d427acf3381cbbae2f0c34d52ab
  AWSPluginsCore: b88a0d6b56eb9dc16d627bd48522cc40d5a8971e
  AWSS3: 1782d0db43a1219a118ea6263d4ea01f76f8cdf4

PODFILE CHECKSUM: f9dcd8fae4b83dce2ba8a648ef9cf5ea36fbaa16

COCOAPODS: 1.9.0
